
Microsoft Visual Studio Solution File, Format Version 12.00
# Visual Studio Version 17
VisualStudioVersion = 17.5.002.0
MinimumVisualStudioVersion = 10.0.40219.1
Project("{2150E333-8FDC-42A3-9474-1A3956D46DE8}") = "task-5", "task-5", "{37FD0EDA-7998-4E99-A8ED-88A0C03775E3}"
EndProject
Project("{9A19103F-16F7-4668-BE54-9A1E7A4F7556}") = "server", "task-5\server\server.csproj", "{05AA5ABF-C21F-4E60-BA20-3522F8E81676}"
EndProject
Project("{2150E333-8FDC-42A3-9474-1A3956D46DE8}") = "broker", "broker", "{C466D7B4-2C78-4F3D-B4DC-66E3800505CC}"
EndProject
Project("{9A19103F-16F7-4668-BE54-9A1E7A4F7556}") = "Receive", "task-5\broker\Receive\Receive.csproj", "{DEC3ABE5-4F02-423F-9F10-DCE13A08D047}"
EndProject
Project("{9A19103F-16F7-4668-BE54-9A1E7A4F7556}") = "Send", "task-5\broker\Send\Send.csproj", "{D356C9AF-C13B-454B-A16C-0A297EDA0342}"
EndProject
Global
	GlobalSection(SolutionConfigurationPlatforms) = preSolution
		Debug|Any CPU = Debug|Any CPU
		Release|Any CPU = Release|Any CPU
	EndGlobalSection
	GlobalSection(ProjectConfigurationPlatforms) = postSolution
		{05AA5ABF-C21F-4E60-BA20-3522F8E81676}.Debug|Any CPU.ActiveCfg = Debug|Any CPU
		{05AA5ABF-C21F-4E60-BA20-3522F8E81676}.Debug|Any CPU.Build.0 = Debug|Any CPU
		{05AA5ABF-C21F-4E60-BA20-3522F8E81676}.Release|Any CPU.ActiveCfg = Release|Any CPU
		{05AA5ABF-C21F-4E60-BA20-3522F8E81676}.Release|Any CPU.Build.0 = Release|Any CPU
		{DEC3ABE5-4F02-423F-9F10-DCE13A08D047}.Debug|Any CPU.ActiveCfg = Debug|Any CPU
		{DEC3ABE5-4F02-423F-9F10-DCE13A08D047}.Debug|Any CPU.Build.0 = Debug|Any CPU
		{DEC3ABE5-4F02-423F-9F10-DCE13A08D047}.Release|Any CPU.ActiveCfg = Release|Any CPU
		{DEC3ABE5-4F02-423F-9F10-DCE13A08D047}.Release|Any CPU.Build.0 = Release|Any CPU
		{D356C9AF-C13B-454B-A16C-0A297EDA0342}.Debug|Any CPU.ActiveCfg = Debug|Any CPU
		{D356C9AF-C13B-454B-A16C-0A297EDA0342}.Debug|Any CPU.Build.0 = Debug|Any CPU
		{D356C9AF-C13B-454B-A16C-0A297EDA0342}.Release|Any CPU.ActiveCfg = Release|Any CPU
		{D356C9AF-C13B-454B-A16C-0A297EDA0342}.Release|Any CPU.Build.0 = Release|Any CPU
	EndGlobalSection
	GlobalSection(SolutionProperties) = preSolution
		HideSolutionNode = FALSE
	EndGlobalSection
	GlobalSection(NestedProjects) = preSolution
		{05AA5ABF-C21F-4E60-BA20-3522F8E81676} = {37FD0EDA-7998-4E99-A8ED-88A0C03775E3}
		{C466D7B4-2C78-4F3D-B4DC-66E3800505CC} = {37FD0EDA-7998-4E99-A8ED-88A0C03775E3}
		{DEC3ABE5-4F02-423F-9F10-DCE13A08D047} = {C466D7B4-2C78-4F3D-B4DC-66E3800505CC}
		{D356C9AF-C13B-454B-A16C-0A297EDA0342} = {C466D7B4-2C78-4F3D-B4DC-66E3800505CC}
	EndGlobalSection
	GlobalSection(ExtensibilityGlobals) = postSolution
		SolutionGuid = {11EC5969-15E0-4036-8129-64F31B4252D5}
	EndGlobalSection
EndGlobal
