
Microsoft Visual Studio Solution File, Format Version 12.00
# Visual Studio Version 17
VisualStudioVersion = 17.5.002.0
MinimumVisualStudioVersion = 10.0.40219.1
Project("{2150E333-8FDC-42A3-9474-1A3956D46DE8}") = "task-5", "task-5", "{A5F9ABC6-DF40-4964-8976-363CB6026580}"
EndProject
Project("{9A19103F-16F7-4668-BE54-9A1E7A4F7556}") = "server", "task-5\server\server.csproj", "{D9098B58-8141-4E54-B0B2-92A36E56274E}"
EndProject
Project("{2150E333-8FDC-42A3-9474-1A3956D46DE8}") = "broker", "broker", "{03D3019C-4B9B-4DEF-B45C-BB80987B5654}"
EndProject
Project("{9A19103F-16F7-4668-BE54-9A1E7A4F7556}") = "Receive", "task-5\broker\Receive\Receive.csproj", "{55975F17-0136-4915-9270-2626507CCA2F}"
EndProject
Project("{9A19103F-16F7-4668-BE54-9A1E7A4F7556}") = "Send", "task-5\broker\Send\Send.csproj", "{09F19ED0-787B-4028-88A5-296CC461091B}"
EndProject
Global
	GlobalSection(SolutionConfigurationPlatforms) = preSolution
		Debug|Any CPU = Debug|Any CPU
		Release|Any CPU = Release|Any CPU
	EndGlobalSection
	GlobalSection(ProjectConfigurationPlatforms) = postSolution
		{D9098B58-8141-4E54-B0B2-92A36E56274E}.Debug|Any CPU.ActiveCfg = Debug|Any CPU
		{D9098B58-8141-4E54-B0B2-92A36E56274E}.Debug|Any CPU.Build.0 = Debug|Any CPU
		{D9098B58-8141-4E54-B0B2-92A36E56274E}.Release|Any CPU.ActiveCfg = Release|Any CPU
		{D9098B58-8141-4E54-B0B2-92A36E56274E}.Release|Any CPU.Build.0 = Release|Any CPU
		{55975F17-0136-4915-9270-2626507CCA2F}.Debug|Any CPU.ActiveCfg = Debug|Any CPU
		{55975F17-0136-4915-9270-2626507CCA2F}.Debug|Any CPU.Build.0 = Debug|Any CPU
		{55975F17-0136-4915-9270-2626507CCA2F}.Release|Any CPU.ActiveCfg = Release|Any CPU
		{55975F17-0136-4915-9270-2626507CCA2F}.Release|Any CPU.Build.0 = Release|Any CPU
		{09F19ED0-787B-4028-88A5-296CC461091B}.Debug|Any CPU.ActiveCfg = Debug|Any CPU
		{09F19ED0-787B-4028-88A5-296CC461091B}.Debug|Any CPU.Build.0 = Debug|Any CPU
		{09F19ED0-787B-4028-88A5-296CC461091B}.Release|Any CPU.ActiveCfg = Release|Any CPU
		{09F19ED0-787B-4028-88A5-296CC461091B}.Release|Any CPU.Build.0 = Release|Any CPU
	EndGlobalSection
	GlobalSection(SolutionProperties) = preSolution
		HideSolutionNode = FALSE
	EndGlobalSection
	GlobalSection(NestedProjects) = preSolution
		{D9098B58-8141-4E54-B0B2-92A36E56274E} = {A5F9ABC6-DF40-4964-8976-363CB6026580}
		{03D3019C-4B9B-4DEF-B45C-BB80987B5654} = {A5F9ABC6-DF40-4964-8976-363CB6026580}
		{55975F17-0136-4915-9270-2626507CCA2F} = {03D3019C-4B9B-4DEF-B45C-BB80987B5654}
		{09F19ED0-787B-4028-88A5-296CC461091B} = {03D3019C-4B9B-4DEF-B45C-BB80987B5654}
	EndGlobalSection
	GlobalSection(ExtensibilityGlobals) = postSolution
		SolutionGuid = {11EC5969-15E0-4036-8129-64F31B4252D5}
	EndGlobalSection
EndGlobal
