
Microsoft Visual Studio Solution File, Format Version 12.00
# Visual Studio Version 17
VisualStudioVersion = 17.5.002.0
MinimumVisualStudioVersion = 10.0.40219.1
Project("{9A19103F-16F7-4668-BE54-9A1E7A4F7556}") = "server", "server\server.csproj", "{E38B4929-1641-4E12-981D-6F4FC761E9C4}"
EndProject
Project("{2150E333-8FDC-42A3-9474-1A3956D46DE8}") = "broker", "broker", "{54F89083-40F6-4C7F-B8EE-DBA4277FB93D}"
EndProject
Project("{9A19103F-16F7-4668-BE54-9A1E7A4F7556}") = "Receive", "broker\Receive\Receive.csproj", "{40F2CE5D-70FB-46AA-86A1-EFEE5972FC5C}"
EndProject
Project("{9A19103F-16F7-4668-BE54-9A1E7A4F7556}") = "Send", "broker\Send\Send.csproj", "{248983CD-18C3-420C-8578-563C505B2060}"
EndProject
Global
	GlobalSection(SolutionConfigurationPlatforms) = preSolution
		Debug|Any CPU = Debug|Any CPU
		Release|Any CPU = Release|Any CPU
	EndGlobalSection
	GlobalSection(ProjectConfigurationPlatforms) = postSolution
		{E38B4929-1641-4E12-981D-6F4FC761E9C4}.Debug|Any CPU.ActiveCfg = Debug|Any CPU
		{E38B4929-1641-4E12-981D-6F4FC761E9C4}.Debug|Any CPU.Build.0 = Debug|Any CPU
		{E38B4929-1641-4E12-981D-6F4FC761E9C4}.Release|Any CPU.ActiveCfg = Release|Any CPU
		{E38B4929-1641-4E12-981D-6F4FC761E9C4}.Release|Any CPU.Build.0 = Release|Any CPU
		{40F2CE5D-70FB-46AA-86A1-EFEE5972FC5C}.Debug|Any CPU.ActiveCfg = Debug|Any CPU
		{40F2CE5D-70FB-46AA-86A1-EFEE5972FC5C}.Debug|Any CPU.Build.0 = Debug|Any CPU
		{40F2CE5D-70FB-46AA-86A1-EFEE5972FC5C}.Release|Any CPU.ActiveCfg = Release|Any CPU
		{40F2CE5D-70FB-46AA-86A1-EFEE5972FC5C}.Release|Any CPU.Build.0 = Release|Any CPU
		{248983CD-18C3-420C-8578-563C505B2060}.Debug|Any CPU.ActiveCfg = Debug|Any CPU
		{248983CD-18C3-420C-8578-563C505B2060}.Debug|Any CPU.Build.0 = Debug|Any CPU
		{248983CD-18C3-420C-8578-563C505B2060}.Release|Any CPU.ActiveCfg = Release|Any CPU
		{248983CD-18C3-420C-8578-563C505B2060}.Release|Any CPU.Build.0 = Release|Any CPU
	EndGlobalSection
	GlobalSection(SolutionProperties) = preSolution
		HideSolutionNode = FALSE
	EndGlobalSection
	GlobalSection(NestedProjects) = preSolution
		{40F2CE5D-70FB-46AA-86A1-EFEE5972FC5C} = {54F89083-40F6-4C7F-B8EE-DBA4277FB93D}
		{248983CD-18C3-420C-8578-563C505B2060} = {54F89083-40F6-4C7F-B8EE-DBA4277FB93D}
	EndGlobalSection
	GlobalSection(ExtensibilityGlobals) = postSolution
		SolutionGuid = {AD4C32C5-9124-4F5A-968B-9DB683C36992}
	EndGlobalSection
EndGlobal
